
Microsoft Visual Studio Solution File, Format Version 12.00
# Visual Studio Version 17
VisualStudioVersion = 17.0.31903.59
MinimumVisualStudioVersion = 10.0.40219.1
Project("{FAE04EC0-301F-11D3-BF4B-00C04F79EFBC}") = "Publisher", "Publisher\Publisher.csproj", "{5A073D3A-B1DC-4ACF-AB01-B23646C9E337}"
EndProject
Project("{FAE04EC0-301F-11D3-BF4B-00C04F79EFBC}") = "Subscriber", "Subscriber\Subscriber.csproj", "{512A2B76-6687-4C92-8C36-1683011DCD5E}"
EndProject
Project("{FAE04EC0-301F-11D3-BF4B-00C04F79EFBC}") = "Messages", "Messages\Messages.csproj", "{F1DFEF66-A5F4-4693-B324-649925121268}"
EndProject
Global
	GlobalSection(SolutionConfigurationPlatforms) = preSolution
		Debug|Any CPU = Debug|Any CPU
		Release|Any CPU = Release|Any CPU
	EndGlobalSection
	GlobalSection(SolutionProperties) = preSolution
		HideSolutionNode = FALSE
	EndGlobalSection
	GlobalSection(ProjectConfigurationPlatforms) = postSolution
		{5A073D3A-B1DC-4ACF-AB01-B23646C9E337}.Debug|Any CPU.ActiveCfg = Debug|Any CPU
		{5A073D3A-B1DC-4ACF-AB01-B23646C9E337}.Debug|Any CPU.Build.0 = Debug|Any CPU
		{5A073D3A-B1DC-4ACF-AB01-B23646C9E337}.Release|Any CPU.ActiveCfg = Release|Any CPU
		{5A073D3A-B1DC-4ACF-AB01-B23646C9E337}.Release|Any CPU.Build.0 = Release|Any CPU
		{512A2B76-6687-4C92-8C36-1683011DCD5E}.Debug|Any CPU.ActiveCfg = Debug|Any CPU
		{512A2B76-6687-4C92-8C36-1683011DCD5E}.Debug|Any CPU.Build.0 = Debug|Any CPU
		{512A2B76-6687-4C92-8C36-1683011DCD5E}.Release|Any CPU.ActiveCfg = Release|Any CPU
		{512A2B76-6687-4C92-8C36-1683011DCD5E}.Release|Any CPU.Build.0 = Release|Any CPU
		{F1DFEF66-A5F4-4693-B324-649925121268}.Debug|Any CPU.ActiveCfg = Debug|Any CPU
		{F1DFEF66-A5F4-4693-B324-649925121268}.Debug|Any CPU.Build.0 = Debug|Any CPU
		{F1DFEF66-A5F4-4693-B324-649925121268}.Release|Any CPU.ActiveCfg = Release|Any CPU
		{F1DFEF66-A5F4-4693-B324-649925121268}.Release|Any CPU.Build.0 = Release|Any CPU
	EndGlobalSection
EndGlobal
